
Microsoft Visual Studio Solution File, Format Version 12.00
# Visual Studio 15
VisualStudioVersion = 15.0.28307.705
MinimumVisualStudioVersion = 10.0.40219.1
Project("{FAE04EC0-301F-11D3-BF4B-00C04F79EFBC}") = "OdeToFood", "OdeToFood\OdeToFood.csproj", "{FD2D281C-78EB-4033-9A5B-88CDFE7D0DF8}"
EndProject
Project("{FAE04EC0-301F-11D3-BF4B-00C04F79EFBC}") = "OdeToFood.Core", "OdeToFood.Core\OdeToFood.Core.csproj", "{ED672BD5-D9E8-4847-9837-263584268E28}"
EndProject
Project("{FAE04EC0-301F-11D3-BF4B-00C04F79EFBC}") = "OdeToFood.Data", "OdeToFood.Data\OdeToFood.Data.csproj", "{763BF7CB-4324-43B1-B7F5-1A10D9713F62}"
EndProject
Global
	GlobalSection(SolutionConfigurationPlatforms) = preSolution
		Debug|Any CPU = Debug|Any CPU
		Release|Any CPU = Release|Any CPU
	EndGlobalSection
	GlobalSection(ProjectConfigurationPlatforms) = postSolution
		{FD2D281C-78EB-4033-9A5B-88CDFE7D0DF8}.Debug|Any CPU.ActiveCfg = Debug|Any CPU
		{FD2D281C-78EB-4033-9A5B-88CDFE7D0DF8}.Debug|Any CPU.Build.0 = Debug|Any CPU
		{FD2D281C-78EB-4033-9A5B-88CDFE7D0DF8}.Release|Any CPU.ActiveCfg = Release|Any CPU
		{FD2D281C-78EB-4033-9A5B-88CDFE7D0DF8}.Release|Any CPU.Build.0 = Release|Any CPU
		{ED672BD5-D9E8-4847-9837-263584268E28}.Debug|Any CPU.ActiveCfg = Debug|Any CPU
		{ED672BD5-D9E8-4847-9837-263584268E28}.Debug|Any CPU.Build.0 = Debug|Any CPU
		{ED672BD5-D9E8-4847-9837-263584268E28}.Release|Any CPU.ActiveCfg = Release|Any CPU
		{ED672BD5-D9E8-4847-9837-263584268E28}.Release|Any CPU.Build.0 = Release|Any CPU
		{763BF7CB-4324-43B1-B7F5-1A10D9713F62}.Debug|Any CPU.ActiveCfg = Debug|Any CPU
		{763BF7CB-4324-43B1-B7F5-1A10D9713F62}.Debug|Any CPU.Build.0 = Debug|Any CPU
		{763BF7CB-4324-43B1-B7F5-1A10D9713F62}.Release|Any CPU.ActiveCfg = Release|Any CPU
		{763BF7CB-4324-43B1-B7F5-1A10D9713F62}.Release|Any CPU.Build.0 = Release|Any CPU
	EndGlobalSection
	GlobalSection(SolutionProperties) = preSolution
		HideSolutionNode = FALSE
	EndGlobalSection
	GlobalSection(ExtensibilityGlobals) = postSolution
		SolutionGuid = {EDDE6A31-A1ED-475A-B204-FED36EB12753}
	EndGlobalSection
EndGlobal
